
Microsoft Visual Studio Solution File, Format Version 12.00
# Visual Studio Version 17
VisualStudioVersion = 17.14.36017.23 d17.14
MinimumVisualStudioVersion = 10.0.40219.1
Project("{FAE04EC0-301F-11D3-BF4B-00C04F79EFBC}") = "ConsoleAppOOPConcepts", "ConsoleAppOOPConcepts.csproj", "{6CEF153D-7C74-4663-B7A0-B3A4C75A6DD4}"
EndProject
Global
	GlobalSection(SolutionConfigurationPlatforms) = preSolution
		Debug|Any CPU = Debug|Any CPU
		Release|Any CPU = Release|Any CPU
	EndGlobalSection
	GlobalSection(ProjectConfigurationPlatforms) = postSolution
		{6CEF153D-7C74-4663-B7A0-B3A4C75A6DD4}.Debug|Any CPU.ActiveCfg = Debug|Any CPU
		{6CEF153D-7C74-4663-B7A0-B3A4C75A6DD4}.Debug|Any CPU.Build.0 = Debug|Any CPU
		{6CEF153D-7C74-4663-B7A0-B3A4C75A6DD4}.Release|Any CPU.ActiveCfg = Release|Any CPU
		{6CEF153D-7C74-4663-B7A0-B3A4C75A6DD4}.Release|Any CPU.Build.0 = Release|Any CPU
	EndGlobalSection
	GlobalSection(SolutionProperties) = preSolution
		HideSolutionNode = FALSE
	EndGlobalSection
	GlobalSection(ExtensibilityGlobals) = postSolution
		SolutionGuid = {56C00594-9BDB-40A8-A45D-35BC84CC911F}
	EndGlobalSection
EndGlobal
